# This file is automatically @generated by Poetry 1.5.1 and should not be changed by hand.

[[package]]
name = "bd"
version = "0.0.5"
description = "Bangladesh Details with postal code"
optional = false
python-versions = "*"
files = [
    {file = "BD-0.0.5-py2.py3-none-any.whl", hash = "sha256:0abacbf233071680a61db77d069e63545a46e95d01d0c0f9ff4624695b2c6437"},
    {file = "BD-0.0.5.tar.gz", hash = "sha256:58e7f7710e261dce890380f74bdf26b33d862d84bbe9c9c6c81d2590c98caf83"},
]

[metadata]
lock-version = "2.0"
python-versions = ">=3.10.0,<3.11"
content-hash = "995fab7343b1150785ca48809d653ee0c4c5ea93a0e90ca058b1650d76bbe35e"
